{
  "name": "mlfend",
  "version": "2.0.0",
  "lockfileVersion": 1,
  "requires": true,
  "dependencies": {
    "@babel/runtime": {
      "version": "7.11.2",
      "resolved": "https://registry.npm.taobao.org/@babel/runtime/download/@babel/runtime-7.11.2.tgz?cache=0&sync_timestamp=1596637761107&other_urls=https%3A%2F%2Fregistry.npm.taobao.org%2F%40babel%2Fruntime%2Fdownload%2F%40babel%2Fruntime-7.11.2.tgz",
      "integrity": "sha1-9UnBPHVMxAuHZEufqfCaapX+BzY=",
      "requires": {
        "regenerator-runtime": "^0.13.4"
      }
    },
    "@emotion/hash": {
      "version": "0.8.0",
      "resolved": "https://registry.npm.taobao.org/@emotion/hash/download/@emotion/hash-0.8.0.tgz",
      "integrity": "sha1-u7/2iXj+/b5ozLUzvIy+HRr7VBM="
    },
    "@material-ui/core": {
      "version": "4.11.0",
      "resolved": "https://registry.npm.taobao.org/@material-ui/core/download/@material-ui/core-4.11.0.tgz",
      "integrity": "sha1-tpsm5FU8nlPyv68QU+IWoK+b4Vo=",
      "requires": {
        "@babel/runtime": "^7.4.4",
        "@material-ui/styles": "^4.10.0",
        "@material-ui/system": "^4.9.14",
        "@material-ui/types": "^5.1.0",
        "@material-ui/utils": "^4.10.2",
        "@types/react-transition-group": "^4.2.0",
        "clsx": "^1.0.4",
        "hoist-non-react-statics": "^3.3.2",
        "popper.js": "1.16.1-lts",
        "prop-types": "^15.7.2",
        "react-is": "^16.8.0",
        "react-transition-group": "^4.4.0"
      }
    },
    "@material-ui/icons": {
      "version": "4.9.1",
      "resolved": "https://registry.npm.taobao.org/@material-ui/icons/download/@material-ui/icons-4.9.1.tgz",
      "integrity": "sha1-/erfjLPYkgiUWzPbxQx8YW0L1mU=",
      "requires": {
        "@babel/runtime": "^7.4.4"
      }
    },
    "@material-ui/lab": {
      "version": "4.0.0-alpha.56",
      "resolved": "https://registry.npmjs.org/@material-ui/lab/-/lab-4.0.0-alpha.56.tgz",
      "integrity": "sha512-xPlkK+z/6y/24ka4gVJgwPfoCF4RCh8dXb1BNE7MtF9bXEBLN/lBxNTK8VAa0qm3V2oinA6xtUIdcRh0aeRtVw==",
      "requires": {
        "@babel/runtime": "^7.4.4",
        "@material-ui/utils": "^4.10.2",
        "clsx": "^1.0.4",
        "prop-types": "^15.7.2",
        "react-is": "^16.8.0"
      }
    },
    "@material-ui/styles": {
      "version": "4.10.0",
      "resolved": "https://registry.npm.taobao.org/@material-ui/styles/download/@material-ui/styles-4.10.0.tgz",
      "integrity": "sha1-JAbcI6o1gheqjMdy5iN71/BUQHE=",
      "requires": {
        "@babel/runtime": "^7.4.4",
        "@emotion/hash": "^0.8.0",
        "@material-ui/types": "^5.1.0",
        "@material-ui/utils": "^4.9.6",
        "clsx": "^1.0.4",
        "csstype": "^2.5.2",
        "hoist-non-react-statics": "^3.3.2",
        "jss": "^10.0.3",
        "jss-plugin-camel-case": "^10.0.3",
        "jss-plugin-default-unit": "^10.0.3",
        "jss-plugin-global": "^10.0.3",
        "jss-plugin-nested": "^10.0.3",
        "jss-plugin-props-sort": "^10.0.3",
        "jss-plugin-rule-value-function": "^10.0.3",
        "jss-plugin-vendor-prefixer": "^10.0.3",
        "prop-types": "^15.7.2"
      }
    },
    "@material-ui/system": {
      "version": "4.9.14",
      "resolved": "https://registry.npm.taobao.org/@material-ui/system/download/@material-ui/system-4.9.14.tgz",
      "integrity": "sha1-SwDEi1aTQM77IDbQWWuTrGxYel8=",
      "requires": {
        "@babel/runtime": "^7.4.4",
        "@material-ui/utils": "^4.9.6",
        "csstype": "^2.5.2",
        "prop-types": "^15.7.2"
      }
    },
    "@material-ui/types": {
      "version": "5.1.0",
      "resolved": "https://registry.npm.taobao.org/@material-ui/types/download/@material-ui/types-5.1.0.tgz",
      "integrity": "sha1-76HHoLDqpMfIesA5BEXw+IsNiPI="
    },
    "@material-ui/utils": {
      "version": "4.10.2",
      "resolved": "https://registry.npm.taobao.org/@material-ui/utils/download/@material-ui/utils-4.10.2.tgz",
      "integrity": "sha1-P9VHDKYbc0Hx4EaKyPKacL9t8yE=",
      "requires": {
        "@babel/runtime": "^7.4.4",
        "prop-types": "^15.7.2",
        "react-is": "^16.8.0"
      }
    },
    "@types/prop-types": {
      "version": "15.7.3",
      "resolved": "https://registry.npm.taobao.org/@types/prop-types/download/@types/prop-types-15.7.3.tgz",
      "integrity": "sha1-KrDV2i5YFflLC51LldHl8kOrLKc="
    },
    "@types/react": {
      "version": "16.9.50",
      "resolved": "https://registry.npm.taobao.org/@types/react/download/@types/react-16.9.50.tgz",
      "integrity": "sha1-y18sItQt4zyh9e/GoJWf63hKOi0=",
      "requires": {
        "@types/prop-types": "*",
        "csstype": "^3.0.2"
      },
      "dependencies": {
        "csstype": {
          "version": "3.0.3",
          "resolved": "https://registry.npm.taobao.org/csstype/download/csstype-3.0.3.tgz?cache=0&sync_timestamp=1598348228932&other_urls=https%3A%2F%2Fregistry.npm.taobao.org%2Fcsstype%2Fdownload%2Fcsstype-3.0.3.tgz",
          "integrity": "sha1-K0ELvro4upYzNTr/NLBdl1XQZfg="
        }
      }
    },
    "@types/react-transition-group": {
      "version": "4.4.0",
      "resolved": "https://registry.npm.taobao.org/@types/react-transition-group/download/@types/react-transition-group-4.4.0.tgz",
      "integrity": "sha1-iCg520Zd8TIOR1Pm6fcMp+m01G0=",
      "requires": {
        "@types/react": "*"
      }
    },
    "clsx": {
      "version": "1.1.1",
      "resolved": "https://registry.npm.taobao.org/clsx/download/clsx-1.1.1.tgz",
      "integrity": "sha1-mLMTT5q73yOyZjSRrOE8XAOnMYg="
    },
    "css-vendor": {
      "version": "2.0.8",
      "resolved": "https://registry.npm.taobao.org/css-vendor/download/css-vendor-2.0.8.tgz",
      "integrity": "sha1-5H+R070xF9SRgKPJNeYuPZ9/RJ0=",
      "requires": {
        "@babel/runtime": "^7.8.3",
        "is-in-browser": "^1.0.2"
      }
    },
    "csstype": {
      "version": "2.6.13",
      "resolved": "https://registry.npm.taobao.org/csstype/download/csstype-2.6.13.tgz?cache=0&sync_timestamp=1598348228932&other_urls=https%3A%2F%2Fregistry.npm.taobao.org%2Fcsstype%2Fdownload%2Fcsstype-2.6.13.tgz",
      "integrity": "sha1-pokwFbkOhN1uhdDjtEKh6E8tvg8="
    },
    "dayjs": {
      "version": "1.9.1",
      "resolved": "https://registry.npm.taobao.org/dayjs/download/dayjs-1.9.1.tgz?cache=0&sync_timestamp=1601296895953&other_urls=https%3A%2F%2Fregistry.npm.taobao.org%2Fdayjs%2Fdownload%2Fdayjs-1.9.1.tgz",
      "integrity": "sha1-IBp1X321ED7W3mO6k6mEFBx1RUE="
    },
    "dom-helpers": {
      "version": "5.2.0",
      "resolved": "https://registry.npm.taobao.org/dom-helpers/download/dom-helpers-5.2.0.tgz?cache=0&sync_timestamp=1596414637781&other_urls=https%3A%2F%2Fregistry.npm.taobao.org%2Fdom-helpers%2Fdownload%2Fdom-helpers-5.2.0.tgz",
      "integrity": "sha1-V/0FTF+PNMUqPu/9t+fpPNNX2Vs=",
      "requires": {
        "@babel/runtime": "^7.8.7",
        "csstype": "^3.0.2"
      },
      "dependencies": {
        "csstype": {
          "version": "3.0.3",
          "resolved": "https://registry.npm.taobao.org/csstype/download/csstype-3.0.3.tgz?cache=0&sync_timestamp=1598348228932&other_urls=https%3A%2F%2Fregistry.npm.taobao.org%2Fcsstype%2Fdownload%2Fcsstype-3.0.3.tgz",
          "integrity": "sha1-K0ELvro4upYzNTr/NLBdl1XQZfg="
        }
      }
    },
    "echarts": {
      "version": "4.9.0",
      "resolved": "https://registry.npmjs.org/echarts/-/echarts-4.9.0.tgz",
      "integrity": "sha512-+ugizgtJ+KmsJyyDPxaw2Br5FqzuBnyOWwcxPKO6y0gc5caYcfnEUIlNStx02necw8jmKmTafmpHhGo4XDtEIA==",
      "requires": {
        "zrender": "4.3.2"
      }
    },
    "esbuild": {
      "version": "0.8.10",
      "resolved": "https://registry.npmjs.org/esbuild/-/esbuild-0.8.10.tgz",
      "integrity": "sha512-rOWqKtJUspyJGO7/KDuxELuCEODijBbxbeMFBWNoSGCMCoTpk4H+PO3AahHpM2rJW1Eg5gU6C+rblXyoHoETBw==",
      "dev": true
    },
    "highlight.js": {
      "version": "10.2.1",
      "resolved": "https://registry.npmjs.org/highlight.js/-/highlight.js-10.2.1.tgz",
      "integrity": "sha512-A+sckVPIb9zQTUydC9lpRX1qRFO/N0OKEh0NwIr65ckvWA/oMY8v9P3+kGRK3w2ULSh9E8v5MszXafodQ6039g=="
    },
    "history": {
      "version": "4.10.1",
      "resolved": "https://registry.npm.taobao.org/history/download/history-4.10.1.tgz?cache=0&sync_timestamp=1591982920908&other_urls=https%3A%2F%2Fregistry.npm.taobao.org%2Fhistory%2Fdownload%2Fhistory-4.10.1.tgz",
      "integrity": "sha1-MzcaZeOoOyZ0NOKz87G0xYqtTPM=",
      "requires": {
        "@babel/runtime": "^7.1.2",
        "loose-envify": "^1.2.0",
        "resolve-pathname": "^3.0.0",
        "tiny-invariant": "^1.0.2",
        "tiny-warning": "^1.0.0",
        "value-equal": "^1.0.1"
      }
    },
    "hoist-non-react-statics": {
      "version": "3.3.2",
      "resolved": "https://registry.npm.taobao.org/hoist-non-react-statics/download/hoist-non-react-statics-3.3.2.tgz",
      "integrity": "sha1-7OCsr3HWLClpwuxZ/v9CpLGoW0U=",
      "requires": {
        "react-is": "^16.7.0"
      }
    },
    "hyphenate-style-name": {
      "version": "1.0.4",
      "resolved": "https://registry.npm.taobao.org/hyphenate-style-name/download/hyphenate-style-name-1.0.4.tgz?cache=0&sync_timestamp=1594640313742&other_urls=https%3A%2F%2Fregistry.npm.taobao.org%2Fhyphenate-style-name%2Fdownload%2Fhyphenate-style-name-1.0.4.tgz",
      "integrity": "sha1-aRh5r44iCupXUOiCfbTvYqVONh0="
    },
    "is-in-browser": {
      "version": "1.1.3",
      "resolved": "https://registry.npm.taobao.org/is-in-browser/download/is-in-browser-1.1.3.tgz",
      "integrity": "sha1-Vv9NtoOgeMYILrldrX3GLh0E+DU="
    },
    "js-tokens": {
      "version": "4.0.0",
      "resolved": "https://registry.npm.taobao.org/js-tokens/download/js-tokens-4.0.0.tgz",
      "integrity": "sha1-GSA/tZmR35jjoocFDUZHzerzJJk="
    },
    "jss": {
      "version": "10.4.0",
      "resolved": "https://registry.npm.taobao.org/jss/download/jss-10.4.0.tgz",
      "integrity": "sha1-RzpvvkLoVEECCgfpUZ2sHooueco=",
      "requires": {
        "@babel/runtime": "^7.3.1",
        "csstype": "^3.0.2",
        "is-in-browser": "^1.1.3",
        "tiny-warning": "^1.0.2"
      },
      "dependencies": {
        "csstype": {
          "version": "3.0.3",
          "resolved": "https://registry.npm.taobao.org/csstype/download/csstype-3.0.3.tgz?cache=0&sync_timestamp=1598348228932&other_urls=https%3A%2F%2Fregistry.npm.taobao.org%2Fcsstype%2Fdownload%2Fcsstype-3.0.3.tgz",
          "integrity": "sha1-K0ELvro4upYzNTr/NLBdl1XQZfg="
        }
      }
    },
    "jss-plugin-camel-case": {
      "version": "10.4.0",
      "resolved": "https://registry.npm.taobao.org/jss-plugin-camel-case/download/jss-plugin-camel-case-10.4.0.tgz",
      "integrity": "sha1-Rsdf9/1hwwSYTCGvWBeCPw9QHOs=",
      "requires": {
        "@babel/runtime": "^7.3.1",
        "hyphenate-style-name": "^1.0.3",
        "jss": "10.4.0"
      }
    },
    "jss-plugin-default-unit": {
      "version": "10.4.0",
      "resolved": "https://registry.npm.taobao.org/jss-plugin-default-unit/download/jss-plugin-default-unit-10.4.0.tgz",
      "integrity": "sha1-KxDwEmnq6n828PX9HPv8x27UKFQ=",
      "requires": {
        "@babel/runtime": "^7.3.1",
        "jss": "10.4.0"
      }
    },
    "jss-plugin-global": {
      "version": "10.4.0",
      "resolved": "https://registry.npm.taobao.org/jss-plugin-global/download/jss-plugin-global-10.4.0.tgz",
      "integrity": "sha1-GUSUJalOTnThExObYp/UTTV3+X0=",
      "requires": {
        "@babel/runtime": "^7.3.1",
        "jss": "10.4.0"
      }
    },
    "jss-plugin-nested": {
      "version": "10.4.0",
      "resolved": "https://registry.npm.taobao.org/jss-plugin-nested/download/jss-plugin-nested-10.4.0.tgz",
      "integrity": "sha1-AX0MAsC2tFT9nX0/wzRwoV7qn9E=",
      "requires": {
        "@babel/runtime": "^7.3.1",
        "jss": "10.4.0",
        "tiny-warning": "^1.0.2"
      }
    },
    "jss-plugin-props-sort": {
      "version": "10.4.0",
      "resolved": "https://registry.npm.taobao.org/jss-plugin-props-sort/download/jss-plugin-props-sort-10.4.0.tgz",
      "integrity": "sha1-cRC/C2BJzCCAsiC1BlMr8LcMDgc=",
      "requires": {
        "@babel/runtime": "^7.3.1",
        "jss": "10.4.0"
      }
    },
    "jss-plugin-rule-value-function": {
      "version": "10.4.0",
      "resolved": "https://registry.npm.taobao.org/jss-plugin-rule-value-function/download/jss-plugin-rule-value-function-10.4.0.tgz",
      "integrity": "sha1-fP9KkehJc1NvpJtuu9v38zmwHII=",
      "requires": {
        "@babel/runtime": "^7.3.1",
        "jss": "10.4.0",
        "tiny-warning": "^1.0.2"
      }
    },
    "jss-plugin-vendor-prefixer": {
      "version": "10.4.0",
      "resolved": "https://registry.npm.taobao.org/jss-plugin-vendor-prefixer/download/jss-plugin-vendor-prefixer-10.4.0.tgz",
      "integrity": "sha1-KnjzxdV9HgJP5618Qd400E5y7MA=",
      "requires": {
        "@babel/runtime": "^7.3.1",
        "css-vendor": "^2.0.8",
        "jss": "10.4.0"
      }
    },
    "loose-envify": {
      "version": "1.4.0",
      "resolved": "https://registry.npm.taobao.org/loose-envify/download/loose-envify-1.4.0.tgz",
      "integrity": "sha1-ce5R+nvkyuwaY4OffmgtgTLTDK8=",
      "requires": {
        "js-tokens": "^3.0.0 || ^4.0.0"
      }
    },
    "marked": {
      "version": "1.2.0",
      "resolved": "https://registry.npmjs.org/marked/-/marked-1.2.0.tgz",
      "integrity": "sha512-tiRxakgbNPBr301ihe/785NntvYyhxlqcL3YaC8CaxJQh7kiaEtrN9B/eK2I2943Yjkh5gw25chYFDQhOMCwMA=="
    },
    "mini-create-react-context": {
      "version": "0.4.0",
      "resolved": "https://registry.npmjs.org/mini-create-react-context/-/mini-create-react-context-0.4.0.tgz",
      "integrity": "sha512-b0TytUgFSbgFJGzJqXPKCFCBWigAjpjo+Fl7Vf7ZbKRDptszpppKxXH6DRXEABZ/gcEQczeb0iZ7JvL8e8jjCA==",
      "requires": {
        "@babel/runtime": "^7.5.5",
        "tiny-warning": "^1.0.3"
      }
    },
    "object-assign": {
      "version": "4.1.1",
      "resolved": "https://registry.npm.taobao.org/object-assign/download/object-assign-4.1.1.tgz",
      "integrity": "sha1-IQmtx5ZYh8/AXLvUQsrIv7s2CGM="
    },
    "popper.js": {
      "version": "1.16.1-lts",
      "resolved": "https://registry.npm.taobao.org/popper.js/download/popper.js-1.16.1-lts.tgz",
      "integrity": "sha1-z2hHuAfaN5nYDuPW0vkN+KP1CwU="
    },
    "prop-types": {
      "version": "15.7.2",
      "resolved": "https://registry.npm.taobao.org/prop-types/download/prop-types-15.7.2.tgz",
      "integrity": "sha1-UsQedbjIfnK52TYOAga5ncv/psU=",
      "requires": {
        "loose-envify": "^1.4.0",
        "object-assign": "^4.1.1",
        "react-is": "^16.8.1"
      }
    },
    "react": {
      "version": "16.13.1",
      "resolved": "https://registry.npm.taobao.org/react/download/react-16.13.1.tgz?cache=0&sync_timestamp=1600734121557&other_urls=https%3A%2F%2Fregistry.npm.taobao.org%2Freact%2Fdownload%2Freact-16.13.1.tgz",
      "integrity": "sha1-LoGIIvGpdDEiwGPWQQ2FweOv5I4=",
      "requires": {
        "loose-envify": "^1.1.0",
        "object-assign": "^4.1.1",
        "prop-types": "^15.6.2"
      }
    },
    "react-dom": {
      "version": "16.13.1",
      "resolved": "https://registry.npm.taobao.org/react-dom/download/react-dom-16.13.1.tgz?cache=0&sync_timestamp=1600734121985&other_urls=https%3A%2F%2Fregistry.npm.taobao.org%2Freact-dom%2Fdownload%2Freact-dom-16.13.1.tgz",
      "integrity": "sha1-wb03MxoEhsB47lTEdAcgmTsuDn8=",
      "requires": {
        "loose-envify": "^1.1.0",
        "object-assign": "^4.1.1",
        "prop-types": "^15.6.2",
        "scheduler": "^0.19.1"
      }
    },
    "react-is": {
      "version": "16.13.1",
      "resolved": "https://registry.npm.taobao.org/react-is/download/react-is-16.13.1.tgz",
      "integrity": "sha1-eJcppNw23imZ3BVt1sHZwYzqVqQ="
    },
    "react-router": {
      "version": "5.2.0",
      "resolved": "https://registry.npmjs.org/react-router/-/react-router-5.2.0.tgz",
      "integrity": "sha512-smz1DUuFHRKdcJC0jobGo8cVbhO3x50tCL4icacOlcwDOEQPq4TMqwx3sY1TP+DvtTgz4nm3thuo7A+BK2U0Dw==",
      "requires": {
        "@babel/runtime": "^7.1.2",
        "history": "^4.9.0",
        "hoist-non-react-statics": "^3.1.0",
        "loose-envify": "^1.3.1",
        "mini-create-react-context": "^0.4.0",
        "path-to-regexp": "^1.7.0",
        "prop-types": "^15.6.2",
        "react-is": "^16.6.0",
        "tiny-invariant": "^1.0.2",
        "tiny-warning": "^1.0.0"
      },
      "dependencies": {
        "isarray": {
          "version": "0.0.1",
          "resolved": "https://registry.npm.taobao.org/isarray/download/isarray-0.0.1.tgz",
          "integrity": "sha1-ihis/Kmo9Bd+Cav8YDiTmwXR7t8="
        },
        "path-to-regexp": {
          "version": "1.8.0",
          "resolved": "https://registry.npmjs.org/path-to-regexp/-/path-to-regexp-1.8.0.tgz",
          "integrity": "sha512-n43JRhlUKUAlibEJhPeir1ncUID16QnEjNpwzNdO3Lm4ywrBpBZ5oLD0I6br9evr1Y9JTqwRtAh7JLoOzAQdVA==",
          "requires": {
            "isarray": "0.0.1"
          }
        }
      }
    },
    "react-router-dom": {
      "version": "5.2.0",
      "resolved": "https://registry.npm.taobao.org/react-router-dom/download/react-router-dom-5.2.0.tgz",
      "integrity": "sha1-nmWk0MReEyieZsexfH4XXQ6hVmI=",
      "requires": {
        "@babel/runtime": "^7.1.2",
        "history": "^4.9.0",
        "loose-envify": "^1.3.1",
        "prop-types": "^15.6.2",
        "react-router": "5.2.0",
        "tiny-invariant": "^1.0.2",
        "tiny-warning": "^1.0.0"
      }
    },
    "react-transition-group": {
      "version": "4.4.1",
      "resolved": "https://registry.npm.taobao.org/react-transition-group/download/react-transition-group-4.4.1.tgz?cache=0&other_urls=https%3A%2F%2Fregistry.npm.taobao.org%2Freact-transition-group%2Fdownload%2Freact-transition-group-4.4.1.tgz",
      "integrity": "sha1-Y4aPkyWjjqXulTXYKDJ/hXczRck=",
      "requires": {
        "@babel/runtime": "^7.5.5",
        "dom-helpers": "^5.0.1",
        "loose-envify": "^1.4.0",
        "prop-types": "^15.6.2"
      }
    },
    "regenerator-runtime": {
      "version": "0.13.7",
      "resolved": "https://registry.npm.taobao.org/regenerator-runtime/download/regenerator-runtime-0.13.7.tgz?cache=0&sync_timestamp=1595456224955&other_urls=https%3A%2F%2Fregistry.npm.taobao.org%2Fregenerator-runtime%2Fdownload%2Fregenerator-runtime-0.13.7.tgz",
      "integrity": "sha1-ysLazIoepnX+qrrriugziYrkb1U="
    },
    "resolve-pathname": {
      "version": "3.0.0",
      "resolved": "https://registry.npm.taobao.org/resolve-pathname/download/resolve-pathname-3.0.0.tgz",
      "integrity": "sha1-mdAiJNPPJjaJvsuzk7xWAxMCXc0="
    },
    "scheduler": {
      "version": "0.19.1",
      "resolved": "https://registry.npm.taobao.org/scheduler/download/scheduler-0.19.1.tgz?cache=0&sync_timestamp=1600734124586&other_urls=https%3A%2F%2Fregistry.npm.taobao.org%2Fscheduler%2Fdownload%2Fscheduler-0.19.1.tgz",
      "integrity": "sha1-Tz4u0sGn1laB9MhU+oxaHMtA8ZY=",
      "requires": {
        "loose-envify": "^1.1.0",
        "object-assign": "^4.1.1"
      }
    },
    "tiny-invariant": {
      "version": "1.1.0",
      "resolved": "https://registry.npm.taobao.org/tiny-invariant/download/tiny-invariant-1.1.0.tgz",
      "integrity": "sha1-Y0xfjv3CdxS384bDXmdgmR0jCHU="
    },
    "tiny-warning": {
      "version": "1.0.3",
      "resolved": "https://registry.npm.taobao.org/tiny-warning/download/tiny-warning-1.0.3.tgz",
      "integrity": "sha1-lKMNtFPfTGQ9D9VmBg1gqHXYR1Q="
    },
    "value-equal": {
      "version": "1.0.1",
      "resolved": "https://registry.npm.taobao.org/value-equal/download/value-equal-1.0.1.tgz",
      "integrity": "sha1-Hgt5THNMXAyt4XnEN9NW2TGjTWw="
    },
    "zrender": {
      "version": "4.3.2",
      "resolved": "https://registry.npmjs.org/zrender/-/zrender-4.3.2.tgz",
      "integrity": "sha512-bIusJLS8c4DkIcdiK+s13HiQ/zjQQVgpNohtd8d94Y2DnJqgM1yjh/jpDb8DoL6hd7r8Awagw8e3qK/oLaWr3g=="
    }
  }
}
