{
  "name": "mylmoe-brotli-dec",
  "version": "1.0.0",
  "lockfileVersion": 1,
  "requires": true,
  "dependencies": {
    "pako": {
      "version": "2.0.2",
      "resolved": "https://registry.npmjs.org/pako/-/pako-2.0.2.tgz",
      "integrity": "sha512-9e8DRI3+dRLomCmMBAH30B2ejh+blwXr7VmMEx/pVFZlSDA7oyI8uKMhKXr8IrZpoxBF2YlxUvhqRXzTT1i0NA=="
    }
  }
}
