{
  "name": "mylmoe-rss",
  "version": "1.0.0",
  "lockfileVersion": 1,
  "requires": true,
  "dependencies": {
    "dayjs": {
      "version": "1.9.7",
      "resolved": "https://registry.npmjs.org/dayjs/-/dayjs-1.9.7.tgz",
      "integrity": "sha512-IC877KBdMhBrCfBfJXHQlo0G8keZ0Opy7YIIq5QKtUbCuHMzim8S4PyiVK4YmihI3iOF9lhfUBW4AQWHTR5WHA=="
    }
  }
}
